# THIS IS AN AUTOGENERATED FILE. DO NOT EDIT THIS FILE DIRECTLY.
# yarn lockfile v1


"@openzeppelin/contracts@^4.4.2", "@openzeppelin/contracts@^4.6.0":
  "integrity" "sha512-8vi4d50NNya/bQqCmaVzvHNmwHvS0OBKb7HNtuNwEE3scXWrP31fKQoGxNMT+KbzmrNZzatE3QK5p2gFONI/hg=="
  "resolved" "https://registry.npmjs.org/@openzeppelin/contracts/-/contracts-4.6.0.tgz"
  "version" "4.6.0"

"erc721a@^3.3.0":
  "integrity" "sha512-LqwmMcDPS3H9y7ZO+9B7R9sEoWApra17d4PwodXuP1072jP653jdo0TYkJbK4G5pBUFDdB5TCZwmJ6EQbmrysQ=="
  "resolved" "https://registry.npmjs.org/erc721a/-/erc721a-3.3.0.tgz"
  "version" "3.3.0"
  dependencies:
    "@openzeppelin/contracts" "^4.4.2"
